
Microsoft Visual Studio Solution File, Format Version 12.00
# Visual Studio 2015
Project("{FAE04EC0-301F-11D3-BF4B-00C04F79EFBC}") = "RandomGame.CSharp", "RandomGame.CSharp.csproj", "{72DA8A0C-2780-F450-ABE4-E4BF43E98B14}"
EndProject
Project("{FAE04EC0-301F-11D3-BF4B-00C04F79EFBC}") = "RandomGame.CSharp.Editor", "RandomGame.CSharp.Editor.csproj", "{6A215422-ADAC-34CE-A1AC-518908FB2B04}"
EndProject
Global
	GlobalSection(SolutionConfigurationPlatforms) = preSolution
		Debug|Any CPU = Debug|Any CPU
		Release|Any CPU = Release|Any CPU
	EndGlobalSection
	GlobalSection(ProjectConfigurationPlatforms) = postSolution
		{72DA8A0C-2780-F450-ABE4-E4BF43E98B14}.Debug|Any CPU.ActiveCfg = Debug|Any CPU
		{72DA8A0C-2780-F450-ABE4-E4BF43E98B14}.Debug|Any CPU.Build.0 = Debug|Any CPU
		{72DA8A0C-2780-F450-ABE4-E4BF43E98B14}.Release|Any CPU.ActiveCfg = Release|Any CPU
		{72DA8A0C-2780-F450-ABE4-E4BF43E98B14}.Release|Any CPU.Build.0 = Release|Any CPU
		{6A215422-ADAC-34CE-A1AC-518908FB2B04}.Debug|Any CPU.ActiveCfg = Debug|Any CPU
		{6A215422-ADAC-34CE-A1AC-518908FB2B04}.Debug|Any CPU.Build.0 = Debug|Any CPU
		{6A215422-ADAC-34CE-A1AC-518908FB2B04}.Release|Any CPU.ActiveCfg = Release|Any CPU
		{6A215422-ADAC-34CE-A1AC-518908FB2B04}.Release|Any CPU.Build.0 = Release|Any CPU
	EndGlobalSection
	GlobalSection(SolutionProperties) = preSolution
		HideSolutionNode = FALSE
	EndGlobalSection
EndGlobal
